// !$*UTF8*$!
{
	archiveVersion = 1;
	classes = {
	};
	objectVersion = 50;
	objects = {

/* Begin PBXBuildFile section */
		BC91440C24A0AE4100ED344B /* AppDelegate.swift in Sources */ = {isa = PBXBuildFile; fileRef = BC91440B24A0AE4100ED344B /* AppDelegate.swift */; };
		BC91440E24A0AE4100ED344B /* SceneDelegate.swift in Sources */ = {isa = PBXBuildFile; fileRef = BC91440D24A0AE4100ED344B /* SceneDelegate.swift */; };
		BC91441024A0AE4100ED344B /* ViewController.swift in Sources */ = {isa = PBXBuildFile; fileRef = BC91440F24A0AE4100ED344B /* ViewController.swift */; };
		BC91441324A0AE4100ED344B /* Main.storyboard in Resources */ = {isa = PBXBuildFile; fileRef = BC91441124A0AE4100ED344B /* Main.storyboard */; };
		BC91441524A0AE4400ED344B /* Assets.xcassets in Resources */ = {isa = PBXBuildFile; fileRef = BC91441424A0AE4400ED344B /* Assets.xcassets */; };
		BC91441824A0AE4400ED344B /* LaunchScreen.storyboard in Resources */ = {isa = PBXBuildFile; fileRef = BC91441624A0AE4400ED344B /* LaunchScreen.storyboard */; };
		BC91442324A0AE4400ED344B /* Weather_ForcastingTests.swift in Sources */ = {isa = PBXBuildFile; fileRef = BC91442224A0AE4400ED344B /* Weather_ForcastingTests.swift */; };
/* End PBXBuildFile section */

/* Begin PBXContainerItemProxy section */
		BC91441F24A0AE4400ED344B /* PBXContainerItemProxy */ = {
			isa = PBXContainerItemProxy;
			containerPortal = BC91440024A0AE4100ED344B /* Project object */;
			proxyType = 1;
			remoteGlobalIDString = BC91440724A0AE4100ED344B;
			remoteInfo = "Weather Forcasting";
		};
/* End PBXContainerItemProxy section */

/* Begin PBXFileReference section */
		BC91440824A0AE4100ED344B /* Weather Forcasting.app */ = {isa = PBXFileReference; explicitFileType = wrapper.application; includeInIndex = 0; path = "Weather Forcasting.app"; sourceTree = BUILT_PRODUCTS_DIR; };
		BC91440B24A0AE4100ED344B /* AppDelegate.swift */ = {isa = PBXFileReference; lastKnownFileType = sourcecode.swift; path = AppDelegate.swift; sourceTree = "<group>"; };
		BC91440D24A0AE4100ED344B /* SceneDelegate.swift */ = {isa = PBXFileReference; lastKnownFileType = sourcecode.swift; path = SceneDelegate.swift; sourceTree = "<group>"; };
		BC91440F24A0AE4100ED344B /* ViewController.swift */ = {isa = PBXFileReference; lastKnownFileType = sourcecode.swift; path = ViewController.swift; sourceTree = "<group>"; };
		BC91441224A0AE4100ED344B /* Base */ = {isa = PBXFileReference; lastKnownFileType = file.storyboard; name = Base; path = Base.lproj/Main.storyboard; sourceTree = "<group>"; };
		BC91441424A0AE4400ED344B /* Assets.xcassets */ = {isa = PBXFileReference; lastKnownFileType = folder.assetcatalog; path = Assets.xcassets; sourceTree = "<group>"; };
		BC91441724A0AE4400ED344B /* Base */ = {isa = PBXFileReference; lastKnownFileType = file.storyboard; name = Base; path = Base.lproj/LaunchScreen.storyboard; sourceTree = "<group>"; };
		BC91441924A0AE4400ED344B /* Info.plist */ = {isa = PBXFileReference; lastKnownFileType = text.plist.xml; path = Info.plist; sourceTree = "<group>"; };
		BC91441E24A0AE4400ED344B /* Weather ForcastingTests.xctest */ = {isa = PBXFileReference; explicitFileType = wrapper.cfbundle; includeInIndex = 0; path = "Weather ForcastingTests.xctest"; sourceTree = BUILT_PRODUCTS_DIR; };
		BC91442224A0AE4400ED344B /* Weather_ForcastingTests.swift */ = {isa = PBXFileReference; lastKnownFileType = sourcecode.swift; path = Weather_ForcastingTests.swift; sourceTree = "<group>"; };
		BC91442424A0AE4400ED344B /* Info.plist */ = {isa = PBXFileReference; lastKnownFileType = text.plist.xml; path = Info.plist; sourceTree = "<group>"; };
/* End PBXFileReference section */

/* Begin PBXFrameworksBuildPhase section */
		BC91440524A0AE4100ED344B /* Frameworks */ = {
			isa = PBXFrameworksBuildPhase;
			buildActionMask = 2147483647;
			files = (
			);
			runOnlyForDeploymentPostprocessing = 0;
		};
		BC91441B24A0AE4400ED344B /* Frameworks */ = {
			isa = PBXFrameworksBuildPhase;
			buildActionMask = 2147483647;
			files = (
			);
			runOnlyForDeploymentPostprocessing = 0;
		};
/* End PBXFrameworksBuildPhase section */

/* Begin PBXGroup section */
		BC9143FF24A0AE4100ED344B = {
			isa = PBXGroup;
			children = (
				BC91440A24A0AE4100ED344B /* Weather Forcasting */,
				BC91442124A0AE4400ED344B /* Weather ForcastingTests */,
				BC91440924A0AE4100ED344B /* Products */,
			);
			sourceTree = "<group>";
		};
		BC91440924A0AE4100ED344B /* Products */ = {
			isa = PBXGroup;
			children = (
				BC91440824A0AE4100ED344B /* Weather Forcasting.app */,
				BC91441E24A0AE4400ED344B /* Weather ForcastingTests.xctest */,
			);
			name = Products;
			sourceTree = "<group>";
		};
		BC91440A24A0AE4100ED344B /* Weather Forcasting */ = {
			isa = PBXGroup;
			children = (
				BC91440B24A0AE4100ED344B /* AppDelegate.swift */,
				BC91440D24A0AE4100ED344B /* SceneDelegate.swift */,
				BC91440F24A0AE4100ED344B /* ViewController.swift */,
				BC91441124A0AE4100ED344B /* Main.storyboard */,
				BC91441424A0AE4400ED344B /* Assets.xcassets */,
				BC91441624A0AE4400ED344B /* LaunchScreen.storyboard */,
				BC91441924A0AE4400ED344B /* Info.plist */,
			);
			path = "Weather Forcasting";
			sourceTree = "<group>";
		};
		BC91442124A0AE4400ED344B /* Weather ForcastingTests */ = {
			isa = PBXGroup;
			children = (
				BC91442224A0AE4400ED344B /* Weather_ForcastingTests.swift */,
				BC91442424A0AE4400ED344B /* Info.plist */,
			);
			path = "Weather ForcastingTests";
			sourceTree = "<group>";
		};
/* End PBXGroup section */

/* Begin PBXNativeTarget section */
		BC91440724A0AE4100ED344B /* Weather Forcasting */ = {
			isa = PBXNativeTarget;
			buildConfigurationList = BC91442724A0AE4400ED344B /* Build configuration list for PBXNativeTarget "Weather Forcasting" */;
			buildPhases = (
				BC91440424A0AE4100ED344B /* Sources */,
				BC91440524A0AE4100ED344B /* Frameworks */,
				BC91440624A0AE4100ED344B /* Resources */,
			);
			buildRules = (
			);
			dependencies = (
			);
			name = "Weather Forcasting";
			productName = "Weather Forcasting";
			productReference = BC91440824A0AE4100ED344B /* Weather Forcasting.app */;
			productType = "com.apple.product-type.application";
		};
		BC91441D24A0AE4400ED344B /* Weather ForcastingTests */ = {
			isa = PBXNativeTarget;
			buildConfigurationList = BC91442A24A0AE4400ED344B /* Build configuration list for PBXNativeTarget "Weather ForcastingTests" */;
			buildPhases = (
				BC91441A24A0AE4400ED344B /* Sources */,
				BC91441B24A0AE4400ED344B /* Frameworks */,
				BC91441C24A0AE4400ED344B /* Resources */,
			);
			buildRules = (
			);
			dependencies = (
				BC91442024A0AE4400ED344B /* PBXTargetDependency */,
			);
			name = "Weather ForcastingTests";
			productName = "Weather ForcastingTests";
			productReference = BC91441E24A0AE4400ED344B /* Weather ForcastingTests.xctest */;
			productType = "com.apple.product-type.bundle.unit-test";
		};
/* End PBXNativeTarget section */

/* Begin PBXProject section */
		BC91440024A0AE4100ED344B /* Project object */ = {
			isa = PBXProject;
			attributes = {
				LastSwiftUpdateCheck = 1150;
				LastUpgradeCheck = 1150;
				ORGANIZATIONNAME = Cup;
				TargetAttributes = {
					BC91440724A0AE4100ED344B = {
						CreatedOnToolsVersion = 11.5;
					};
					BC91441D24A0AE4400ED344B = {
						CreatedOnToolsVersion = 11.5;
						TestTargetID = BC91440724A0AE4100ED344B;
					};
				};
			};
			buildConfigurationList = BC91440324A0AE4100ED344B /* Build configuration list for PBXProject "Weather Forcasting" */;
			compatibilityVersion = "Xcode 9.3";
			developmentRegion = en;
			hasScannedForEncodings = 0;
			knownRegions = (
				en,
				Base,
			);
			mainGroup = BC9143FF24A0AE4100ED344B;
			productRefGroup = BC91440924A0AE4100ED344B /* Products */;
			projectDirPath = "";
			projectRoot = "";
			targets = (
				BC91440724A0AE4100ED344B /* Weather Forcasting */,
				BC91441D24A0AE4400ED344B /* Weather ForcastingTests */,
			);
		};
/* End PBXProject section */

/* Begin PBXResourcesBuildPhase section */
		BC91440624A0AE4100ED344B /* Resources */ = {
			isa = PBXResourcesBuildPhase;
			buildActionMask = 2147483647;
			files = (
				BC91441824A0AE4400ED344B /* LaunchScreen.storyboard in Resources */,
				BC91441524A0AE4400ED344B /* Assets.xcassets in Resources */,
				BC91441324A0AE4100ED344B /* Main.storyboard in Resources */,
			);
			runOnlyForDeploymentPostprocessing = 0;
		};
		BC91441C24A0AE4400ED344B /* Resources */ = {
			isa = PBXResourcesBuildPhase;
			buildActionMask = 2147483647;
			files = (
			);
			runOnlyForDeploymentPostprocessing = 0;
		};
/* End PBXResourcesBuildPhase section */

/* Begin PBXSourcesBuildPhase section */
		BC91440424A0AE4100ED344B /* Sources */ = {
			isa = PBXSourcesBuildPhase;
			buildActionMask = 2147483647;
			files = (
				BC91441024A0AE4100ED344B /* ViewController.swift in Sources */,
				BC91440C24A0AE4100ED344B /* AppDelegate.swift in Sources */,
				BC91440E24A0AE4100ED344B /* SceneDelegate.swift in Sources */,
			);
			runOnlyForDeploymentPostprocessing = 0;
		};
		BC91441A24A0AE4400ED344B /* Sources */ = {
			isa = PBXSourcesBuildPhase;
			buildActionMask = 2147483647;
			files = (
				BC91442324A0AE4400ED344B /* Weather_ForcastingTests.swift in Sources */,
			);
			runOnlyForDeploymentPostprocessing = 0;
		};
/* End PBXSourcesBuildPhase section */

/* Begin PBXTargetDependency section */
		BC91442024A0AE4400ED344B /* PBXTargetDependency */ = {
			isa = PBXTargetDependency;
			target = BC91440724A0AE4100ED344B /* Weather Forcasting */;
			targetProxy = BC91441F24A0AE4400ED344B /* PBXContainerItemProxy */;
		};
/* End PBXTargetDependency section */

/* Begin PBXVariantGroup section */
		BC91441124A0AE4100ED344B /* Main.storyboard */ = {
			isa = PBXVariantGroup;
			children = (
				BC91441224A0AE4100ED344B /* Base */,
			);
			name = Main.storyboard;
			sourceTree = "<group>";
		};
		BC91441624A0AE4400ED344B /* LaunchScreen.storyboard */ = {
			isa = PBXVariantGroup;
			children = (
				BC91441724A0AE4400ED344B /* Base */,
			);
			name = LaunchScreen.storyboard;
			sourceTree = "<group>";
		};
/* End PBXVariantGroup section */

/* Begin XCBuildConfiguration section */
		BC91442524A0AE4400ED344B /* Debug */ = {
			isa = XCBuildConfiguration;
			buildSettings = {
				ALWAYS_SEARCH_USER_PATHS = NO;
				CLANG_ANALYZER_NONNULL = YES;
				CLANG_ANALYZER_NUMBER_OBJECT_CONVERSION = YES_AGGRESSIVE;
				CLANG_CXX_LANGUAGE_STANDARD = "gnu++14";
				CLANG_CXX_LIBRARY = "libc++";
				CLANG_ENABLE_MODULES = YES;
				CLANG_ENABLE_OBJC_ARC = YES;
				CLANG_ENABLE_OBJC_WEAK = YES;
				CLANG_WARN_BLOCK_CAPTURE_AUTORELEASING = YES;
				CLANG_WARN_BOOL_CONVERSION = YES;
				CLANG_WARN_COMMA = YES;
				CLANG_WARN_CONSTANT_CONVERSION = YES;
				CLANG_WARN_DEPRECATED_OBJC_IMPLEMENTATIONS = YES;
				CLANG_WARN_DIRECT_OBJC_ISA_USAGE = YES_ERROR;
				CLANG_WARN_DOCUMENTATION_COMMENTS = YES;
				CLANG_WARN_EMPTY_BODY = YES;
				CLANG_WARN_ENUM_CONVERSION = YES;
				CLANG_WARN_INFINITE_RECURSION = YES;
				CLANG_WARN_INT_CONVERSION = YES;
				CLANG_WARN_NON_LITERAL_NULL_CONVERSION = YES;
				CLANG_WARN_OBJC_IMPLICIT_RETAIN_SELF = YES;
				CLANG_WARN_OBJC_LITERAL_CONVERSION = YES;
				CLANG_WARN_OBJC_ROOT_CLASS = YES_ERROR;
				CLANG_WARN_RANGE_LOOP_ANALYSIS = YES;
				CLANG_WARN_STRICT_PROTOTYPES = YES;
				CLANG_WARN_SUSPICIOUS_MOVE = YES;
				CLANG_WARN_UNGUARDED_AVAILABILITY = YES_AGGRESSIVE;
				CLANG_WARN_UNREACHABLE_CODE = YES;
				CLANG_WARN__DUPLICATE_METHOD_MATCH = YES;
				COPY_PHASE_STRIP = NO;
				DEBUG_INFORMATION_FORMAT = dwarf;
				ENABLE_STRICT_OBJC_MSGSEND = YES;
				ENABLE_TESTABILITY = YES;
				GCC_C_LANGUAGE_STANDARD = gnu11;
				GCC_DYNAMIC_NO_PIC = NO;
				GCC_NO_COMMON_BLOCKS = YES;
				GCC_OPTIMIZATION_LEVEL = 0;
				GCC_PREPROCESSOR_DEFINITIONS = (
					"DEBUG=1",
					"$(inherited)",
				);
				GCC_WARN_64_TO_32_BIT_CONVERSION = YES;
				GCC_WARN_ABOUT_RETURN_TYPE = YES_ERROR;
				GCC_WARN_UNDECLARED_SELECTOR = YES;
				GCC_WARN_UNINITIALIZED_AUTOS = YES_AGGRESSIVE;
				GCC_WARN_UNUSED_FUNCTION = YES;
				GCC_WARN_UNUSED_VARIABLE = YES;
				IPHONEOS_DEPLOYMENT_TARGET = 13.5;
				MTL_ENABLE_DEBUG_INFO = INCLUDE_SOURCE;
				MTL_FAST_MATH = YES;
				ONLY_ACTIVE_ARCH = YES;
				SDKROOT = iphoneos;
				SWIFT_ACTIVE_COMPILATION_CONDITIONS = DEBUG;
				SWIFT_OPTIMIZATION_LEVEL = "-Onone";
			};
			name = Debug;
		};
		BC91442624A0AE4400ED344B /* Release */ = {
			isa = XCBuildConfiguration;
			buildSettings = {
				ALWAYS_SEARCH_USER_PATHS = NO;
				CLANG_ANALYZER_NONNULL = YES;
				CLANG_ANALYZER_NUMBER_OBJECT_CONVERSION = YES_AGGRESSIVE;
				CLANG_CXX_LANGUAGE_STANDARD = "gnu++14";
				CLANG_CXX_LIBRARY = "libc++";
				CLANG_ENABLE_MODULES = YES;
				CLANG_ENABLE_OBJC_ARC = YES;
				CLANG_ENABLE_OBJC_WEAK = YES;
				CLANG_WARN_BLOCK_CAPTURE_AUTORELEASING = YES;
				CLANG_WARN_BOOL_CONVERSION = YES;
				CLANG_WARN_COMMA = YES;
				CLANG_WARN_CONSTANT_CONVERSION = YES;
				CLANG_WARN_DEPRECATED_OBJC_IMPLEMENTATIONS = YES;
				CLANG_WARN_DIRECT_OBJC_ISA_USAGE = YES_ERROR;
				CLANG_WARN_DOCUMENTATION_COMMENTS = YES;
				CLANG_WARN_EMPTY_BODY = YES;
				CLANG_WARN_ENUM_CONVERSION = YES;
				CLANG_WARN_INFINITE_RECURSION = YES;
				CLANG_WARN_INT_CONVERSION = YES;
				CLANG_WARN_NON_LITERAL_NULL_CONVERSION = YES;
				CLANG_WARN_OBJC_IMPLICIT_RETAIN_SELF = YES;
				CLANG_WARN_OBJC_LITERAL_CONVERSION = YES;
				CLANG_WARN_OBJC_ROOT_CLASS = YES_ERROR;
				CLANG_WARN_RANGE_LOOP_ANALYSIS = YES;
				CLANG_WARN_STRICT_PROTOTYPES = YES;
				CLANG_WARN_SUSPICIOUS_MOVE = YES;
				CLANG_WARN_UNGUARDED_AVAILABILITY = YES_AGGRESSIVE;
				CLANG_WARN_UNREACHABLE_CODE = YES;
				CLANG_WARN__DUPLICATE_METHOD_MATCH = YES;
				COPY_PHASE_STRIP = NO;
				DEBUG_INFORMATION_FORMAT = "dwarf-with-dsym";
				ENABLE_NS_ASSERTIONS = NO;
				ENABLE_STRICT_OBJC_MSGSEND = YES;
				GCC_C_LANGUAGE_STANDARD = gnu11;
				GCC_NO_COMMON_BLOCKS = YES;
				GCC_WARN_64_TO_32_BIT_CONVERSION = YES;
				GCC_WARN_ABOUT_RETURN_TYPE = YES_ERROR;
				GCC_WARN_UNDECLARED_SELECTOR = YES;
				GCC_WARN_UNINITIALIZED_AUTOS = YES_AGGRESSIVE;
				GCC_WARN_UNUSED_FUNCTION = YES;
				GCC_WARN_UNUSED_VARIABLE = YES;
				IPHONEOS_DEPLOYMENT_TARGET = 13.5;
				MTL_ENABLE_DEBUG_INFO = NO;
				MTL_FAST_MATH = YES;
				SDKROOT = iphoneos;
				SWIFT_COMPILATION_MODE = wholemodule;
				SWIFT_OPTIMIZATION_LEVEL = "-O";
				VALIDATE_PRODUCT = YES;
			};
			name = Release;
		};
		BC91442824A0AE4400ED344B /* Debug */ = {
			isa = XCBuildConfiguration;
			buildSettings = {
				ASSETCATALOG_COMPILER_APPICON_NAME = AppIcon;
				CODE_SIGN_STYLE = Automatic;
				DEVELOPMENT_TEAM = DZ3FYPCUHX;
				INFOPLIST_FILE = "Weather Forcasting/Info.plist";
				LD_RUNPATH_SEARCH_PATHS = (
					"$(inherited)",
					"@executable_path/Frameworks",
				);
				PRODUCT_BUNDLE_IDENTIFIER = "Cup.Weather-Forcasting";
				PRODUCT_NAME = "$(TARGET_NAME)";
				SWIFT_VERSION = 5.0;
				TARGETED_DEVICE_FAMILY = "1,2";
			};
			name = Debug;
		};
		BC91442924A0AE4400ED344B /* Release */ = {
			isa = XCBuildConfiguration;
			buildSettings = {
				ASSETCATALOG_COMPILER_APPICON_NAME = AppIcon;
				CODE_SIGN_STYLE = Automatic;
				DEVELOPMENT_TEAM = DZ3FYPCUHX;
				INFOPLIST_FILE = "Weather Forcasting/Info.plist";
				LD_RUNPATH_SEARCH_PATHS = (
					"$(inherited)",
					"@executable_path/Frameworks",
				);
				PRODUCT_BUNDLE_IDENTIFIER = "Cup.Weather-Forcasting";
				PRODUCT_NAME = "$(TARGET_NAME)";
				SWIFT_VERSION = 5.0;
				TARGETED_DEVICE_FAMILY = "1,2";
			};
			name = Release;
		};
		BC91442B24A0AE4400ED344B /* Debug */ = {
			isa = XCBuildConfiguration;
			buildSettings = {
				ALWAYS_EMBED_SWIFT_STANDARD_LIBRARIES = YES;
				BUNDLE_LOADER = "$(TEST_HOST)";
				CODE_SIGN_STYLE = Automatic;
				DEVELOPMENT_TEAM = DZ3FYPCUHX;
				INFOPLIST_FILE = "Weather ForcastingTests/Info.plist";
				IPHONEOS_DEPLOYMENT_TARGET = 13.5;
				LD_RUNPATH_SEARCH_PATHS = (
					"$(inherited)",
					"@executable_path/Frameworks",
					"@loader_path/Frameworks",
				);
				PRODUCT_BUNDLE_IDENTIFIER = "Cup.Weather-ForcastingTests";
				PRODUCT_NAME = "$(TARGET_NAME)";
				SWIFT_VERSION = 5.0;
				TARGETED_DEVICE_FAMILY = "1,2";
				TEST_HOST = "$(BUILT_PRODUCTS_DIR)/Weather Forcasting.app/Weather Forcasting";
			};
			name = Debug;
		};
		BC91442C24A0AE4400ED344B /* Release */ = {
			isa = XCBuildConfiguration;
			buildSettings = {
				ALWAYS_EMBED_SWIFT_STANDARD_LIBRARIES = YES;
				BUNDLE_LOADER = "$(TEST_HOST)";
				CODE_SIGN_STYLE = Automatic;
				DEVELOPMENT_TEAM = DZ3FYPCUHX;
				INFOPLIST_FILE = "Weather ForcastingTests/Info.plist";
				IPHONEOS_DEPLOYMENT_TARGET = 13.5;
				LD_RUNPATH_SEARCH_PATHS = (
					"$(inherited)",
					"@executable_path/Frameworks",
					"@loader_path/Frameworks",
				);
				PRODUCT_BUNDLE_IDENTIFIER = "Cup.Weather-ForcastingTests";
				PRODUCT_NAME = "$(TARGET_NAME)";
				SWIFT_VERSION = 5.0;
				TARGETED_DEVICE_FAMILY = "1,2";
				TEST_HOST = "$(BUILT_PRODUCTS_DIR)/Weather Forcasting.app/Weather Forcasting";
			};
			name = Release;
		};
/* End XCBuildConfiguration section */

/* Begin XCConfigurationList section */
		BC91440324A0AE4100ED344B /* Build configuration list for PBXProject "Weather Forcasting" */ = {
			isa = XCConfigurationList;
			buildConfigurations = (
				BC91442524A0AE4400ED344B /* Debug */,
				BC91442624A0AE4400ED344B /* Release */,
			);
			defaultConfigurationIsVisible = 0;
			defaultConfigurationName = Release;
		};
		BC91442724A0AE4400ED344B /* Build configuration list for PBXNativeTarget "Weather Forcasting" */ = {
			isa = XCConfigurationList;
			buildConfigurations = (
				BC91442824A0AE4400ED344B /* Debug */,
				BC91442924A0AE4400ED344B /* Release */,
			);
			defaultConfigurationIsVisible = 0;
			defaultConfigurationName = Release;
		};
		BC91442A24A0AE4400ED344B /* Build configuration list for PBXNativeTarget "Weather ForcastingTests" */ = {
			isa = XCConfigurationList;
			buildConfigurations = (
				BC91442B24A0AE4400ED344B /* Debug */,
				BC91442C24A0AE4400ED344B /* Release */,
			);
			defaultConfigurationIsVisible = 0;
			defaultConfigurationName = Release;
		};
/* End XCConfigurationList section */
	};
	rootObject = BC91440024A0AE4100ED344B /* Project object */;
}
